<?xml version="1.0" encoding="utf-8"?>
<Project ToolsVersion="4.0" xmlns="http://schemas.microsoft.com/developer/msbuild/2003">
  <ItemGroup>
    <Filter Include="Header Files">
      <UniqueIdentifier>{93995380-89BD-4b04-88EB-625FBE52EBFB}</UniqueIdentifier>
      <Extensions>h;hh;hpp;hxx;h++;hm;inl;inc;ipp;xsd</Extensions>
    </Filter>
    <Filter Include="source">
      <UniqueIdentifier>{4FC737F1-C7A5-4376-A066-2A32D752A2FF}</UniqueIdentifier>
      <Extensions>cpp;c;cc;cxx;c++;cppm;ixx;def;odl;idl;hpj;bat;asm;asmx</Extensions>
    </Filter>
    <Filter Include="source\utility">
      <UniqueIdentifier>{bae7920e-5364-4d7d-a271-6580fe286db2}</UniqueIdentifier>
    </Filter>
    <Filter Include="source\core">
      <UniqueIdentifier>{447ff95e-e917-4065-a59b-29517b69ebc7}</UniqueIdentifier>
    </Filter>
    <Filter Include="source\renderer">
      <UniqueIdentifier>{0343cfaf-849e-41ea-ad91-1571a21574b6}</UniqueIdentifier>
    </Filter>
    <Filter Include="shaders">
      <UniqueIdentifier>{9aae7ca6-a1b6-4876-b228-be55f95a6981}</UniqueIdentifier>
    </Filter>
    <Filter Include="source\core\input">
      <UniqueIdentifier>{6d23e60e-937a-4337-b2bb-c67b1c378c65}</UniqueIdentifier>
    </Filter>
  </ItemGroup>
  <ItemGroup>
    <ClCompile Include="source\renderer\D3DRenderer.cpp">
      <Filter>source\renderer</Filter>
    </ClCompile>
    <ClCompile Include="source\core\App.cpp">
      <Filter>source\core</Filter>
    </ClCompile>
    <ClCompile Include="source\utility\d3dUtil.cpp">
      <Filter>source\utility</Filter>
    </ClCompile>
    <ClCompile Include="source\Main.cpp">
      <Filter>source</Filter>
    </ClCompile>
    <ClCompile Include="source\core\input\Keyboard.cpp">
      <Filter>source\core\input</Filter>
    </ClCompile>
    <ClCompile Include="source\core\input\Mouse.cpp">
      <Filter>source\core\input</Filter>
    </ClCompile>
    <ClCompile Include="source\renderer\GeometryGenerator.cpp">
      <Filter>source\renderer</Filter>
    </ClCompile>
  </ItemGroup>
  <ItemGroup>
    <ClInclude Include="source\renderer\D3DRenderer.h">
      <Filter>source\renderer</Filter>
    </ClInclude>
    <ClInclude Include="source\utility\d3dx12.h">
      <Filter>source\utility</Filter>
    </ClInclude>
    <ClInclude Include="source\utility\Timer.h">
      <Filter>source\utility</Filter>
    </ClInclude>
    <ClInclude Include="source\core\App.h">
      <Filter>source\core</Filter>
    </ClInclude>
    <ClInclude Include="source\utility\d3dIncludes.h">
      <Filter>source\utility</Filter>
    </ClInclude>
    <ClInclude Include="source\utility\d3dException.h">
      <Filter>source\utility</Filter>
    </ClInclude>
    <ClInclude Include="source\utility\d3dUtil.h">
      <Filter>source\utility</Filter>
    </ClInclude>
    <ClInclude Include="source\renderer\Mesh.h">
      <Filter>source\renderer</Filter>
    </ClInclude>
    <ClInclude Include="source\core\input\Keyboard.h">
      <Filter>source\core\input</Filter>
    </ClInclude>
    <ClInclude Include="source\core\input\Mouse.h">
      <Filter>source\core\input</Filter>
    </ClInclude>
    <ClInclude Include="source\renderer\GeometryGenerator.h">
      <Filter>source\renderer</Filter>
    </ClInclude>
  </ItemGroup>
  <ItemGroup>
    <FxCompile Include="shaders\defaultVS.hlsl">
      <Filter>shaders</Filter>
    </FxCompile>
    <FxCompile Include="shaders\defaultPS.hlsl">
      <Filter>shaders</Filter>
    </FxCompile>
  </ItemGroup>
</Project>